
Microsoft Visual Studio Solution File, Format Version 12.00
Project("{FAE04EC0-301F-11D3-BF4B-00C04F79EFBC}") = "MovieFinder", "MovieFinder\MovieFinder.csproj", "{4586DF1F-3ABA-4BF2-BC4C-8A7AD238617F}"
EndProject
Global
	GlobalSection(SolutionConfigurationPlatforms) = preSolution
		Debug|Any CPU = Debug|Any CPU
		Release|Any CPU = Release|Any CPU
	EndGlobalSection
	GlobalSection(ProjectConfigurationPlatforms) = postSolution
		{4586DF1F-3ABA-4BF2-BC4C-8A7AD238617F}.Debug|Any CPU.ActiveCfg = Debug|Any CPU
		{4586DF1F-3ABA-4BF2-BC4C-8A7AD238617F}.Debug|Any CPU.Build.0 = Debug|Any CPU
		{4586DF1F-3ABA-4BF2-BC4C-8A7AD238617F}.Release|Any CPU.ActiveCfg = Release|Any CPU
		{4586DF1F-3ABA-4BF2-BC4C-8A7AD238617F}.Release|Any CPU.Build.0 = Release|Any CPU
	EndGlobalSection
EndGlobal
